
Microsoft Visual Studio Solution File, Format Version 12.00
# Visual Studio 15
VisualStudioVersion = 15.0.28010.2046
MinimumVisualStudioVersion = 10.0.40219.1
Project("{FAE04EC0-301F-11D3-BF4B-00C04F79EFBC}") = "WpfApp1", "WpfApp1\WpfApp1.csproj", "{3AA8E9BD-C146-4680-8EB6-ECD482BD0C11}"
EndProject
Global
	GlobalSection(SolutionConfigurationPlatforms) = preSolution
		Debug|Any CPU = Debug|Any CPU
		Release|Any CPU = Release|Any CPU
	EndGlobalSection
	GlobalSection(ProjectConfigurationPlatforms) = postSolution
		{3AA8E9BD-C146-4680-8EB6-ECD482BD0C11}.Debug|Any CPU.ActiveCfg = Debug|Any CPU
		{3AA8E9BD-C146-4680-8EB6-ECD482BD0C11}.Debug|Any CPU.Build.0 = Debug|Any CPU
		{3AA8E9BD-C146-4680-8EB6-ECD482BD0C11}.Release|Any CPU.ActiveCfg = Release|Any CPU
		{3AA8E9BD-C146-4680-8EB6-ECD482BD0C11}.Release|Any CPU.Build.0 = Release|Any CPU
	EndGlobalSection
	GlobalSection(SolutionProperties) = preSolution
		HideSolutionNode = FALSE
	EndGlobalSection
	GlobalSection(ExtensibilityGlobals) = postSolution
		SolutionGuid = {D9B5C928-FBB2-4892-A349-3E4F15F4C31D}
	EndGlobalSection
EndGlobal
